// !$*UTF8*$!
{
	archiveVersion = 1;
	classes = {
	};
	objectVersion = 50;
	objects = {

/* Begin PBXBuildFile section */
		7F26660A2650D72F001018BC /* SwiftUiListApp.swift in Sources */ = {isa = PBXBuildFile; fileRef = 7F2666092650D72F001018BC /* SwiftUiListApp.swift */; };
		7F26660C2650D72F001018BC /* VideoListView.swift in Sources */ = {isa = PBXBuildFile; fileRef = 7F26660B2650D72F001018BC /* VideoListView.swift */; };
		7F26660E2650D731001018BC /* Assets.xcassets in Resources */ = {isa = PBXBuildFile; fileRef = 7F26660D2650D731001018BC /* Assets.xcassets */; };
		7F2666112650D731001018BC /* Preview Assets.xcassets in Resources */ = {isa = PBXBuildFile; fileRef = 7F2666102650D731001018BC /* Preview Assets.xcassets */; };
		7F2666132650D731001018BC /* Persistence.swift in Sources */ = {isa = PBXBuildFile; fileRef = 7F2666122650D731001018BC /* Persistence.swift */; };
		7F2666162650D731001018BC /* SwiftUiList.xcdatamodeld in Sources */ = {isa = PBXBuildFile; fileRef = 7F2666142650D731001018BC /* SwiftUiList.xcdatamodeld */; };
		7F2666212650D731001018BC /* SwiftUiListTests.swift in Sources */ = {isa = PBXBuildFile; fileRef = 7F2666202650D731001018BC /* SwiftUiListTests.swift */; };
		7F26662C2650D731001018BC /* SwiftUiListUITests.swift in Sources */ = {isa = PBXBuildFile; fileRef = 7F26662B2650D731001018BC /* SwiftUiListUITests.swift */; };
		7F2666742650DB40001018BC /* Video.swift in Sources */ = {isa = PBXBuildFile; fileRef = 7F2666732650DB40001018BC /* Video.swift */; };
		7F2666762650DCEE001018BC /* VideoDetailView.swift in Sources */ = {isa = PBXBuildFile; fileRef = 7F2666752650DCEE001018BC /* VideoDetailView.swift */; };
/* End PBXBuildFile section */

/* Begin PBXContainerItemProxy section */
		7F26661D2650D731001018BC /* PBXContainerItemProxy */ = {
			isa = PBXContainerItemProxy;
			containerPortal = 7F2665FE2650D72F001018BC /* Project object */;
			proxyType = 1;
			remoteGlobalIDString = 7F2666052650D72F001018BC;
			remoteInfo = SwiftUiList;
		};
		7F2666282650D731001018BC /* PBXContainerItemProxy */ = {
			isa = PBXContainerItemProxy;
			containerPortal = 7F2665FE2650D72F001018BC /* Project object */;
			proxyType = 1;
			remoteGlobalIDString = 7F2666052650D72F001018BC;
			remoteInfo = SwiftUiList;
		};
/* End PBXContainerItemProxy section */

/* Begin PBXFileReference section */
		7F2666062650D72F001018BC /* SwiftUiList.app */ = {isa = PBXFileReference; explicitFileType = wrapper.application; includeInIndex = 0; path = SwiftUiList.app; sourceTree = BUILT_PRODUCTS_DIR; };
		7F2666092650D72F001018BC /* SwiftUiListApp.swift */ = {isa = PBXFileReference; lastKnownFileType = sourcecode.swift; path = SwiftUiListApp.swift; sourceTree = "<group>"; };
		7F26660B2650D72F001018BC /* VideoListView.swift */ = {isa = PBXFileReference; lastKnownFileType = sourcecode.swift; path = VideoListView.swift; sourceTree = "<group>"; };
		7F26660D2650D731001018BC /* Assets.xcassets */ = {isa = PBXFileReference; lastKnownFileType = folder.assetcatalog; path = Assets.xcassets; sourceTree = "<group>"; };
		7F2666102650D731001018BC /* Preview Assets.xcassets */ = {isa = PBXFileReference; lastKnownFileType = folder.assetcatalog; path = "Preview Assets.xcassets"; sourceTree = "<group>"; };
		7F2666122650D731001018BC /* Persistence.swift */ = {isa = PBXFileReference; lastKnownFileType = sourcecode.swift; path = Persistence.swift; sourceTree = "<group>"; };
		7F2666152650D731001018BC /* SwiftUiList.xcdatamodel */ = {isa = PBXFileReference; lastKnownFileType = wrapper.xcdatamodel; path = SwiftUiList.xcdatamodel; sourceTree = "<group>"; };
		7F2666172650D731001018BC /* Info.plist */ = {isa = PBXFileReference; lastKnownFileType = text.plist.xml; path = Info.plist; sourceTree = "<group>"; };
		7F26661C2650D731001018BC /* SwiftUiListTests.xctest */ = {isa = PBXFileReference; explicitFileType = wrapper.cfbundle; includeInIndex = 0; path = SwiftUiListTests.xctest; sourceTree = BUILT_PRODUCTS_DIR; };
		7F2666202650D731001018BC /* SwiftUiListTests.swift */ = {isa = PBXFileReference; lastKnownFileType = sourcecode.swift; path = SwiftUiListTests.swift; sourceTree = "<group>"; };
		7F2666222650D731001018BC /* Info.plist */ = {isa = PBXFileReference; lastKnownFileType = text.plist.xml; path = Info.plist; sourceTree = "<group>"; };
		7F2666272650D731001018BC /* SwiftUiListUITests.xctest */ = {isa = PBXFileReference; explicitFileType = wrapper.cfbundle; includeInIndex = 0; path = SwiftUiListUITests.xctest; sourceTree = BUILT_PRODUCTS_DIR; };
		7F26662B2650D731001018BC /* SwiftUiListUITests.swift */ = {isa = PBXFileReference; lastKnownFileType = sourcecode.swift; path = SwiftUiListUITests.swift; sourceTree = "<group>"; };
		7F26662D2650D731001018BC /* Info.plist */ = {isa = PBXFileReference; lastKnownFileType = text.plist.xml; path = Info.plist; sourceTree = "<group>"; };
		7F2666732650DB40001018BC /* Video.swift */ = {isa = PBXFileReference; lastKnownFileType = sourcecode.swift; path = Video.swift; sourceTree = "<group>"; };
		7F2666752650DCEE001018BC /* VideoDetailView.swift */ = {isa = PBXFileReference; lastKnownFileType = sourcecode.swift; path = VideoDetailView.swift; sourceTree = "<group>"; };
/* End PBXFileReference section */

/* Begin PBXFrameworksBuildPhase section */
		7F2666032650D72F001018BC /* Frameworks */ = {
			isa = PBXFrameworksBuildPhase;
			buildActionMask = 2147483647;
			files = (
			);
			runOnlyForDeploymentPostprocessing = 0;
		};
		7F2666192650D731001018BC /* Frameworks */ = {
			isa = PBXFrameworksBuildPhase;
			buildActionMask = 2147483647;
			files = (
			);
			runOnlyForDeploymentPostprocessing = 0;
		};
		7F2666242650D731001018BC /* Frameworks */ = {
			isa = PBXFrameworksBuildPhase;
			buildActionMask = 2147483647;
			files = (
			);
			runOnlyForDeploymentPostprocessing = 0;
		};
/* End PBXFrameworksBuildPhase section */

/* Begin PBXGroup section */
		7F2665FD2650D72F001018BC = {
			isa = PBXGroup;
			children = (
				7F2666082650D72F001018BC /* SwiftUiList */,
				7F26661F2650D731001018BC /* SwiftUiListTests */,
				7F26662A2650D731001018BC /* SwiftUiListUITests */,
				7F2666072650D72F001018BC /* Products */,
			);
			sourceTree = "<group>";
		};
		7F2666072650D72F001018BC /* Products */ = {
			isa = PBXGroup;
			children = (
				7F2666062650D72F001018BC /* SwiftUiList.app */,
				7F26661C2650D731001018BC /* SwiftUiListTests.xctest */,
				7F2666272650D731001018BC /* SwiftUiListUITests.xctest */,
			);
			name = Products;
			sourceTree = "<group>";
		};
		7F2666082650D72F001018BC /* SwiftUiList */ = {
			isa = PBXGroup;
			children = (
				7F2666092650D72F001018BC /* SwiftUiListApp.swift */,
				7F26660B2650D72F001018BC /* VideoListView.swift */,
				7F26660D2650D731001018BC /* Assets.xcassets */,
				7F2666122650D731001018BC /* Persistence.swift */,
				7F2666172650D731001018BC /* Info.plist */,
				7F2666142650D731001018BC /* SwiftUiList.xcdatamodeld */,
				7F26660F2650D731001018BC /* Preview Content */,
				7F2666732650DB40001018BC /* Video.swift */,
				7F2666752650DCEE001018BC /* VideoDetailView.swift */,
			);
			path = SwiftUiList;
			sourceTree = "<group>";
		};
		7F26660F2650D731001018BC /* Preview Content */ = {
			isa = PBXGroup;
			children = (
				7F2666102650D731001018BC /* Preview Assets.xcassets */,
			);
			path = "Preview Content";
			sourceTree = "<group>";
		};
		7F26661F2650D731001018BC /* SwiftUiListTests */ = {
			isa = PBXGroup;
			children = (
				7F2666202650D731001018BC /* SwiftUiListTests.swift */,
				7F2666222650D731001018BC /* Info.plist */,
			);
			path = SwiftUiListTests;
			sourceTree = "<group>";
		};
		7F26662A2650D731001018BC /* SwiftUiListUITests */ = {
			isa = PBXGroup;
			children = (
				7F26662B2650D731001018BC /* SwiftUiListUITests.swift */,
				7F26662D2650D731001018BC /* Info.plist */,
			);
			path = SwiftUiListUITests;
			sourceTree = "<group>";
		};
/* End PBXGroup section */

/* Begin PBXNativeTarget section */
		7F2666052650D72F001018BC /* SwiftUiList */ = {
			isa = PBXNativeTarget;
			buildConfigurationList = 7F2666302650D731001018BC /* Build configuration list for PBXNativeTarget "SwiftUiList" */;
			buildPhases = (
				7F2666022650D72F001018BC /* Sources */,
				7F2666032650D72F001018BC /* Frameworks */,
				7F2666042650D72F001018BC /* Resources */,
			);
			buildRules = (
			);
			dependencies = (
			);
			name = SwiftUiList;
			productName = SwiftUiList;
			productReference = 7F2666062650D72F001018BC /* SwiftUiList.app */;
			productType = "com.apple.product-type.application";
		};
		7F26661B2650D731001018BC /* SwiftUiListTests */ = {
			isa = PBXNativeTarget;
			buildConfigurationList = 7F2666332650D731001018BC /* Build configuration list for PBXNativeTarget "SwiftUiListTests" */;
			buildPhases = (
				7F2666182650D731001018BC /* Sources */,
				7F2666192650D731001018BC /* Frameworks */,
				7F26661A2650D731001018BC /* Resources */,
			);
			buildRules = (
			);
			dependencies = (
				7F26661E2650D731001018BC /* PBXTargetDependency */,
			);
			name = SwiftUiListTests;
			productName = SwiftUiListTests;
			productReference = 7F26661C2650D731001018BC /* SwiftUiListTests.xctest */;
			productType = "com.apple.product-type.bundle.unit-test";
		};
		7F2666262650D731001018BC /* SwiftUiListUITests */ = {
			isa = PBXNativeTarget;
			buildConfigurationList = 7F2666362650D731001018BC /* Build configuration list for PBXNativeTarget "SwiftUiListUITests" */;
			buildPhases = (
				7F2666232650D731001018BC /* Sources */,
				7F2666242650D731001018BC /* Frameworks */,
				7F2666252650D731001018BC /* Resources */,
			);
			buildRules = (
			);
			dependencies = (
				7F2666292650D731001018BC /* PBXTargetDependency */,
			);
			name = SwiftUiListUITests;
			productName = SwiftUiListUITests;
			productReference = 7F2666272650D731001018BC /* SwiftUiListUITests.xctest */;
			productType = "com.apple.product-type.bundle.ui-testing";
		};
/* End PBXNativeTarget section */

/* Begin PBXProject section */
		7F2665FE2650D72F001018BC /* Project object */ = {
			isa = PBXProject;
			attributes = {
				LastSwiftUpdateCheck = 1250;
				LastUpgradeCheck = 1250;
				TargetAttributes = {
					7F2666052650D72F001018BC = {
						CreatedOnToolsVersion = 12.5;
					};
					7F26661B2650D731001018BC = {
						CreatedOnToolsVersion = 12.5;
						TestTargetID = 7F2666052650D72F001018BC;
					};
					7F2666262650D731001018BC = {
						CreatedOnToolsVersion = 12.5;
						TestTargetID = 7F2666052650D72F001018BC;
					};
				};
			};
			buildConfigurationList = 7F2666012650D72F001018BC /* Build configuration list for PBXProject "SwiftUiList" */;
			compatibilityVersion = "Xcode 9.3";
			developmentRegion = en;
			hasScannedForEncodings = 0;
			knownRegions = (
				en,
				Base,
			);
			mainGroup = 7F2665FD2650D72F001018BC;
			productRefGroup = 7F2666072650D72F001018BC /* Products */;
			projectDirPath = "";
			projectRoot = "";
			targets = (
				7F2666052650D72F001018BC /* SwiftUiList */,
				7F26661B2650D731001018BC /* SwiftUiListTests */,
				7F2666262650D731001018BC /* SwiftUiListUITests */,
			);
		};
/* End PBXProject section */

/* Begin PBXResourcesBuildPhase section */
		7F2666042650D72F001018BC /* Resources */ = {
			isa = PBXResourcesBuildPhase;
			buildActionMask = 2147483647;
			files = (
				7F2666112650D731001018BC /* Preview Assets.xcassets in Resources */,
				7F26660E2650D731001018BC /* Assets.xcassets in Resources */,
			);
			runOnlyForDeploymentPostprocessing = 0;
		};
		7F26661A2650D731001018BC /* Resources */ = {
			isa = PBXResourcesBuildPhase;
			buildActionMask = 2147483647;
			files = (
			);
			runOnlyForDeploymentPostprocessing = 0;
		};
		7F2666252650D731001018BC /* Resources */ = {
			isa = PBXResourcesBuildPhase;
			buildActionMask = 2147483647;
			files = (
			);
			runOnlyForDeploymentPostprocessing = 0;
		};
/* End PBXResourcesBuildPhase section */

/* Begin PBXSourcesBuildPhase section */
		7F2666022650D72F001018BC /* Sources */ = {
			isa = PBXSourcesBuildPhase;
			buildActionMask = 2147483647;
			files = (
				7F2666132650D731001018BC /* Persistence.swift in Sources */,
				7F2666762650DCEE001018BC /* VideoDetailView.swift in Sources */,
				7F26660C2650D72F001018BC /* VideoListView.swift in Sources */,
				7F26660A2650D72F001018BC /* SwiftUiListApp.swift in Sources */,
				7F2666162650D731001018BC /* SwiftUiList.xcdatamodeld in Sources */,
				7F2666742650DB40001018BC /* Video.swift in Sources */,
			);
			runOnlyForDeploymentPostprocessing = 0;
		};
		7F2666182650D731001018BC /* Sources */ = {
			isa = PBXSourcesBuildPhase;
			buildActionMask = 2147483647;
			files = (
				7F2666212650D731001018BC /* SwiftUiListTests.swift in Sources */,
			);
			runOnlyForDeploymentPostprocessing = 0;
		};
		7F2666232650D731001018BC /* Sources */ = {
			isa = PBXSourcesBuildPhase;
			buildActionMask = 2147483647;
			files = (
				7F26662C2650D731001018BC /* SwiftUiListUITests.swift in Sources */,
			);
			runOnlyForDeploymentPostprocessing = 0;
		};
/* End PBXSourcesBuildPhase section */

/* Begin PBXTargetDependency section */
		7F26661E2650D731001018BC /* PBXTargetDependency */ = {
			isa = PBXTargetDependency;
			target = 7F2666052650D72F001018BC /* SwiftUiList */;
			targetProxy = 7F26661D2650D731001018BC /* PBXContainerItemProxy */;
		};
		7F2666292650D731001018BC /* PBXTargetDependency */ = {
			isa = PBXTargetDependency;
			target = 7F2666052650D72F001018BC /* SwiftUiList */;
			targetProxy = 7F2666282650D731001018BC /* PBXContainerItemProxy */;
		};
/* End PBXTargetDependency section */

/* Begin XCBuildConfiguration section */
		7F26662E2650D731001018BC /* Debug */ = {
			isa = XCBuildConfiguration;
			buildSettings = {
				ALWAYS_SEARCH_USER_PATHS = NO;
				CLANG_ANALYZER_NONNULL = YES;
				CLANG_ANALYZER_NUMBER_OBJECT_CONVERSION = YES_AGGRESSIVE;
				CLANG_CXX_LANGUAGE_STANDARD = "gnu++14";
				CLANG_CXX_LIBRARY = "libc++";
				CLANG_ENABLE_MODULES = YES;
				CLANG_ENABLE_OBJC_ARC = YES;
				CLANG_ENABLE_OBJC_WEAK = YES;
				CLANG_WARN_BLOCK_CAPTURE_AUTORELEASING = YES;
				CLANG_WARN_BOOL_CONVERSION = YES;
				CLANG_WARN_COMMA = YES;
				CLANG_WARN_CONSTANT_CONVERSION = YES;
				CLANG_WARN_DEPRECATED_OBJC_IMPLEMENTATIONS = YES;
				CLANG_WARN_DIRECT_OBJC_ISA_USAGE = YES_ERROR;
				CLANG_WARN_DOCUMENTATION_COMMENTS = YES;
				CLANG_WARN_EMPTY_BODY = YES;
				CLANG_WARN_ENUM_CONVERSION = YES;
				CLANG_WARN_INFINITE_RECURSION = YES;
				CLANG_WARN_INT_CONVERSION = YES;
				CLANG_WARN_NON_LITERAL_NULL_CONVERSION = YES;
				CLANG_WARN_OBJC_IMPLICIT_RETAIN_SELF = YES;
				CLANG_WARN_OBJC_LITERAL_CONVERSION = YES;
				CLANG_WARN_OBJC_ROOT_CLASS = YES_ERROR;
				CLANG_WARN_QUOTED_INCLUDE_IN_FRAMEWORK_HEADER = YES;
				CLANG_WARN_RANGE_LOOP_ANALYSIS = YES;
				CLANG_WARN_STRICT_PROTOTYPES = YES;
				CLANG_WARN_SUSPICIOUS_MOVE = YES;
				CLANG_WARN_UNGUARDED_AVAILABILITY = YES_AGGRESSIVE;
				CLANG_WARN_UNREACHABLE_CODE = YES;
				CLANG_WARN__DUPLICATE_METHOD_MATCH = YES;
				COPY_PHASE_STRIP = NO;
				DEBUG_INFORMATION_FORMAT = dwarf;
				ENABLE_STRICT_OBJC_MSGSEND = YES;
				ENABLE_TESTABILITY = YES;
				GCC_C_LANGUAGE_STANDARD = gnu11;
				GCC_DYNAMIC_NO_PIC = NO;
				GCC_NO_COMMON_BLOCKS = YES;
				GCC_OPTIMIZATION_LEVEL = 0;
				GCC_PREPROCESSOR_DEFINITIONS = (
					"DEBUG=1",
					"$(inherited)",
				);
				GCC_WARN_64_TO_32_BIT_CONVERSION = YES;
				GCC_WARN_ABOUT_RETURN_TYPE = YES_ERROR;
				GCC_WARN_UNDECLARED_SELECTOR = YES;
				GCC_WARN_UNINITIALIZED_AUTOS = YES_AGGRESSIVE;
				GCC_WARN_UNUSED_FUNCTION = YES;
				GCC_WARN_UNUSED_VARIABLE = YES;
				IPHONEOS_DEPLOYMENT_TARGET = 14.5;
				MTL_ENABLE_DEBUG_INFO = INCLUDE_SOURCE;
				MTL_FAST_MATH = YES;
				ONLY_ACTIVE_ARCH = YES;
				SDKROOT = iphoneos;
				SWIFT_ACTIVE_COMPILATION_CONDITIONS = DEBUG;
				SWIFT_OPTIMIZATION_LEVEL = "-Onone";
			};
			name = Debug;
		};
		7F26662F2650D731001018BC /* Release */ = {
			isa = XCBuildConfiguration;
			buildSettings = {
				ALWAYS_SEARCH_USER_PATHS = NO;
				CLANG_ANALYZER_NONNULL = YES;
				CLANG_ANALYZER_NUMBER_OBJECT_CONVERSION = YES_AGGRESSIVE;
				CLANG_CXX_LANGUAGE_STANDARD = "gnu++14";
				CLANG_CXX_LIBRARY = "libc++";
				CLANG_ENABLE_MODULES = YES;
				CLANG_ENABLE_OBJC_ARC = YES;
				CLANG_ENABLE_OBJC_WEAK = YES;
				CLANG_WARN_BLOCK_CAPTURE_AUTORELEASING = YES;
				CLANG_WARN_BOOL_CONVERSION = YES;
				CLANG_WARN_COMMA = YES;
				CLANG_WARN_CONSTANT_CONVERSION = YES;
				CLANG_WARN_DEPRECATED_OBJC_IMPLEMENTATIONS = YES;
				CLANG_WARN_DIRECT_OBJC_ISA_USAGE = YES_ERROR;
				CLANG_WARN_DOCUMENTATION_COMMENTS = YES;
				CLANG_WARN_EMPTY_BODY = YES;
				CLANG_WARN_ENUM_CONVERSION = YES;
				CLANG_WARN_INFINITE_RECURSION = YES;
				CLANG_WARN_INT_CONVERSION = YES;
				CLANG_WARN_NON_LITERAL_NULL_CONVERSION = YES;
				CLANG_WARN_OBJC_IMPLICIT_RETAIN_SELF = YES;
				CLANG_WARN_OBJC_LITERAL_CONVERSION = YES;
				CLANG_WARN_OBJC_ROOT_CLASS = YES_ERROR;
				CLANG_WARN_QUOTED_INCLUDE_IN_FRAMEWORK_HEADER = YES;
				CLANG_WARN_RANGE_LOOP_ANALYSIS = YES;
				CLANG_WARN_STRICT_PROTOTYPES = YES;
				CLANG_WARN_SUSPICIOUS_MOVE = YES;
				CLANG_WARN_UNGUARDED_AVAILABILITY = YES_AGGRESSIVE;
				CLANG_WARN_UNREACHABLE_CODE = YES;
				CLANG_WARN__DUPLICATE_METHOD_MATCH = YES;
				COPY_PHASE_STRIP = NO;
				DEBUG_INFORMATION_FORMAT = "dwarf-with-dsym";
				ENABLE_NS_ASSERTIONS = NO;
				ENABLE_STRICT_OBJC_MSGSEND = YES;
				GCC_C_LANGUAGE_STANDARD = gnu11;
				GCC_NO_COMMON_BLOCKS = YES;
				GCC_WARN_64_TO_32_BIT_CONVERSION = YES;
				GCC_WARN_ABOUT_RETURN_TYPE = YES_ERROR;
				GCC_WARN_UNDECLARED_SELECTOR = YES;
				GCC_WARN_UNINITIALIZED_AUTOS = YES_AGGRESSIVE;
				GCC_WARN_UNUSED_FUNCTION = YES;
				GCC_WARN_UNUSED_VARIABLE = YES;
				IPHONEOS_DEPLOYMENT_TARGET = 14.5;
				MTL_ENABLE_DEBUG_INFO = NO;
				MTL_FAST_MATH = YES;
				SDKROOT = iphoneos;
				SWIFT_COMPILATION_MODE = wholemodule;
				SWIFT_OPTIMIZATION_LEVEL = "-O";
				VALIDATE_PRODUCT = YES;
			};
			name = Release;
		};
		7F2666312650D731001018BC /* Debug */ = {
			isa = XCBuildConfiguration;
			buildSettings = {
				ASSETCATALOG_COMPILER_APPICON_NAME = AppIcon;
				ASSETCATALOG_COMPILER_GLOBAL_ACCENT_COLOR_NAME = AccentColor;
				CODE_SIGN_STYLE = Automatic;
				DEVELOPMENT_ASSET_PATHS = "\"SwiftUiList/Preview Content\"";
				DEVELOPMENT_TEAM = WX488TK3G3;
				ENABLE_PREVIEWS = YES;
				INFOPLIST_FILE = SwiftUiList/Info.plist;
				IPHONEOS_DEPLOYMENT_TARGET = 14.0;
				LD_RUNPATH_SEARCH_PATHS = (
					"$(inherited)",
					"@executable_path/Frameworks",
				);
				PRODUCT_BUNDLE_IDENTIFIER = edu.arsanusa.SwiftUiList;
				PRODUCT_NAME = "$(TARGET_NAME)";
				SWIFT_VERSION = 5.0;
				TARGETED_DEVICE_FAMILY = "1,2";
			};
			name = Debug;
		};
		7F2666322650D731001018BC /* Release */ = {
			isa = XCBuildConfiguration;
			buildSettings = {
				ASSETCATALOG_COMPILER_APPICON_NAME = AppIcon;
				ASSETCATALOG_COMPILER_GLOBAL_ACCENT_COLOR_NAME = AccentColor;
				CODE_SIGN_STYLE = Automatic;
				DEVELOPMENT_ASSET_PATHS = "\"SwiftUiList/Preview Content\"";
				DEVELOPMENT_TEAM = WX488TK3G3;
				ENABLE_PREVIEWS = YES;
				INFOPLIST_FILE = SwiftUiList/Info.plist;
				IPHONEOS_DEPLOYMENT_TARGET = 14.0;
				LD_RUNPATH_SEARCH_PATHS = (
					"$(inherited)",
					"@executable_path/Frameworks",
				);
				PRODUCT_BUNDLE_IDENTIFIER = edu.arsanusa.SwiftUiList;
				PRODUCT_NAME = "$(TARGET_NAME)";
				SWIFT_VERSION = 5.0;
				TARGETED_DEVICE_FAMILY = "1,2";
			};
			name = Release;
		};
		7F2666342650D731001018BC /* Debug */ = {
			isa = XCBuildConfiguration;
			buildSettings = {
				ALWAYS_EMBED_SWIFT_STANDARD_LIBRARIES = YES;
				BUNDLE_LOADER = "$(TEST_HOST)";
				CODE_SIGN_STYLE = Automatic;
				DEVELOPMENT_TEAM = WX488TK3G3;
				INFOPLIST_FILE = SwiftUiListTests/Info.plist;
				IPHONEOS_DEPLOYMENT_TARGET = 14.0;
				LD_RUNPATH_SEARCH_PATHS = (
					"$(inherited)",
					"@executable_path/Frameworks",
					"@loader_path/Frameworks",
				);
				PRODUCT_BUNDLE_IDENTIFIER = edu.arsanusa.SwiftUiListTests;
				PRODUCT_NAME = "$(TARGET_NAME)";
				SWIFT_VERSION = 5.0;
				TARGETED_DEVICE_FAMILY = "1,2";
				TEST_HOST = "$(BUILT_PRODUCTS_DIR)/SwiftUiList.app/SwiftUiList";
			};
			name = Debug;
		};
		7F2666352650D731001018BC /* Release */ = {
			isa = XCBuildConfiguration;
			buildSettings = {
				ALWAYS_EMBED_SWIFT_STANDARD_LIBRARIES = YES;
				BUNDLE_LOADER = "$(TEST_HOST)";
				CODE_SIGN_STYLE = Automatic;
				DEVELOPMENT_TEAM = WX488TK3G3;
				INFOPLIST_FILE = SwiftUiListTests/Info.plist;
				IPHONEOS_DEPLOYMENT_TARGET = 14.0;
				LD_RUNPATH_SEARCH_PATHS = (
					"$(inherited)",
					"@executable_path/Frameworks",
					"@loader_path/Frameworks",
				);
				PRODUCT_BUNDLE_IDENTIFIER = edu.arsanusa.SwiftUiListTests;
				PRODUCT_NAME = "$(TARGET_NAME)";
				SWIFT_VERSION = 5.0;
				TARGETED_DEVICE_FAMILY = "1,2";
				TEST_HOST = "$(BUILT_PRODUCTS_DIR)/SwiftUiList.app/SwiftUiList";
			};
			name = Release;
		};
		7F2666372650D731001018BC /* Debug */ = {
			isa = XCBuildConfiguration;
			buildSettings = {
				ALWAYS_EMBED_SWIFT_STANDARD_LIBRARIES = YES;
				CODE_SIGN_STYLE = Automatic;
				DEVELOPMENT_TEAM = WX488TK3G3;
				INFOPLIST_FILE = SwiftUiListUITests/Info.plist;
				LD_RUNPATH_SEARCH_PATHS = (
					"$(inherited)",
					"@executable_path/Frameworks",
					"@loader_path/Frameworks",
				);
				PRODUCT_BUNDLE_IDENTIFIER = edu.arsanusa.SwiftUiListUITests;
				PRODUCT_NAME = "$(TARGET_NAME)";
				SWIFT_VERSION = 5.0;
				TARGETED_DEVICE_FAMILY = "1,2";
				TEST_TARGET_NAME = SwiftUiList;
			};
			name = Debug;
		};
		7F2666382650D731001018BC /* Release */ = {
			isa = XCBuildConfiguration;
			buildSettings = {
				ALWAYS_EMBED_SWIFT_STANDARD_LIBRARIES = YES;
				CODE_SIGN_STYLE = Automatic;
				DEVELOPMENT_TEAM = WX488TK3G3;
				INFOPLIST_FILE = SwiftUiListUITests/Info.plist;
				LD_RUNPATH_SEARCH_PATHS = (
					"$(inherited)",
					"@executable_path/Frameworks",
					"@loader_path/Frameworks",
				);
				PRODUCT_BUNDLE_IDENTIFIER = edu.arsanusa.SwiftUiListUITests;
				PRODUCT_NAME = "$(TARGET_NAME)";
				SWIFT_VERSION = 5.0;
				TARGETED_DEVICE_FAMILY = "1,2";
				TEST_TARGET_NAME = SwiftUiList;
			};
			name = Release;
		};
/* End XCBuildConfiguration section */

/* Begin XCConfigurationList section */
		7F2666012650D72F001018BC /* Build configuration list for PBXProject "SwiftUiList" */ = {
			isa = XCConfigurationList;
			buildConfigurations = (
				7F26662E2650D731001018BC /* Debug */,
				7F26662F2650D731001018BC /* Release */,
			);
			defaultConfigurationIsVisible = 0;
			defaultConfigurationName = Release;
		};
		7F2666302650D731001018BC /* Build configuration list for PBXNativeTarget "SwiftUiList" */ = {
			isa = XCConfigurationList;
			buildConfigurations = (
				7F2666312650D731001018BC /* Debug */,
				7F2666322650D731001018BC /* Release */,
			);
			defaultConfigurationIsVisible = 0;
			defaultConfigurationName = Release;
		};
		7F2666332650D731001018BC /* Build configuration list for PBXNativeTarget "SwiftUiListTests" */ = {
			isa = XCConfigurationList;
			buildConfigurations = (
				7F2666342650D731001018BC /* Debug */,
				7F2666352650D731001018BC /* Release */,
			);
			defaultConfigurationIsVisible = 0;
			defaultConfigurationName = Release;
		};
		7F2666362650D731001018BC /* Build configuration list for PBXNativeTarget "SwiftUiListUITests" */ = {
			isa = XCConfigurationList;
			buildConfigurations = (
				7F2666372650D731001018BC /* Debug */,
				7F2666382650D731001018BC /* Release */,
			);
			defaultConfigurationIsVisible = 0;
			defaultConfigurationName = Release;
		};
/* End XCConfigurationList section */

/* Begin XCVersionGroup section */
		7F2666142650D731001018BC /* SwiftUiList.xcdatamodeld */ = {
			isa = XCVersionGroup;
			children = (
				7F2666152650D731001018BC /* SwiftUiList.xcdatamodel */,
			);
			currentVersion = 7F2666152650D731001018BC /* SwiftUiList.xcdatamodel */;
			path = SwiftUiList.xcdatamodeld;
			sourceTree = "<group>";
			versionGroupType = wrapper.xcdatamodel;
		};
/* End XCVersionGroup section */
	};
	rootObject = 7F2665FE2650D72F001018BC /* Project object */;
}
